{
  "name": "pagomedios-ec",
  "version": "1.0.0",
  "lockfileVersion": 1,
  "requires": true,
  "dependencies": {
    "@netflix/nerror": {
      "version": "1.1.3",
      "resolved": "https://registry.npmjs.org/@netflix/nerror/-/nerror-1.1.3.tgz",
      "integrity": "sha512-b+MGNyP9/LXkapreJzNUzcvuzZslj/RGgdVVJ16P2wSlYatfLycPObImqVJSmNAdyeShvNeM/pl3sVZsObFueg==",
      "requires": {
        "assert-plus": "^1.0.0",
        "extsprintf": "^1.4.0",
        "lodash": "^4.17.15"
      }
    },
    "assert-plus": {
      "version": "1.0.0",
      "resolved": "https://registry.npmjs.org/assert-plus/-/assert-plus-1.0.0.tgz",
      "integrity": "sha1-8S4PPF13sLHN2RRpQuTpbB5N1SU="
    },
    "axios": {
      "version": "0.21.1",
      "resolved": "https://registry.npmjs.org/axios/-/axios-0.21.1.tgz",
      "integrity": "sha512-dKQiRHxGD9PPRIUNIWvZhPTPpl1rf/OxTYKsqKUDjBwYylTvV7SjSHJb9ratfyzM6wCdLCOYLzs73qpg5c4iGA==",
      "requires": {
        "follow-redirects": "^1.10.0"
      }
    },
    "extsprintf": {
      "version": "1.4.0",
      "resolved": "https://registry.npmjs.org/extsprintf/-/extsprintf-1.4.0.tgz",
      "integrity": "sha1-4mifjzVvrWLMplo6kcXfX5VRaS8="
    },
    "follow-redirects": {
      "version": "1.13.1",
      "resolved": "https://registry.npmjs.org/follow-redirects/-/follow-redirects-1.13.1.tgz",
      "integrity": "sha512-SSG5xmZh1mkPGyKzjZP8zLjltIfpW32Y5QpdNJyjcfGxK3qo3NDDkZOZSFiGn1A6SclQxY9GzEwAHQ3dmYRWpg=="
    },
    "lodash": {
      "version": "4.17.20",
      "resolved": "https://registry.npmjs.org/lodash/-/lodash-4.17.20.tgz",
      "integrity": "sha512-PlhdFcillOINfeV7Ni6oF1TAEayyZBoZ8bcshTHqOYJYlrqzRK5hagpagky5o4HfCzzd1TRkXPMFq6cKk9rGmA=="
    },
    "restify-errors": {
      "version": "8.0.2",
      "resolved": "https://registry.npmjs.org/restify-errors/-/restify-errors-8.0.2.tgz",
      "integrity": "sha512-UsXUVQo7M26xoQzeUcZQ0+H8L2t9DGzrXcAgR3WB/1vnbl+UdI4tZ1PqYsN+sS5WnqHKZ0Xy9w0CKf83bbrwYA==",
      "requires": {
        "@netflix/nerror": "^1.0.0",
        "assert-plus": "^1.0.0",
        "lodash": "^4.17.15",
        "safe-json-stringify": "^1.0.4"
      }
    },
    "safe-json-stringify": {
      "version": "1.2.0",
      "resolved": "https://registry.npmjs.org/safe-json-stringify/-/safe-json-stringify-1.2.0.tgz",
      "integrity": "sha512-gH8eh2nZudPQO6TytOvbxnuhYBOvDBBLW52tz5q6X58lJcd/tkmqFR+5Z9adS8aJtURSXWThWy/xJtJwixErvg==",
      "optional": true
    },
    "typescript": {
      "version": "4.1.3",
      "resolved": "https://registry.npmjs.org/typescript/-/typescript-4.1.3.tgz",
      "integrity": "sha512-B3ZIOf1IKeH2ixgHhj6la6xdwR9QrLC5d1VKeCSY4tvkqhF2eqd9O7txNlS0PO3GrBAFIdr3L1ndNwteUbZLYg=="
    }
  }
}
